
Microsoft Visual Studio Solution File, Format Version 12.00
# Visual Studio Version 16
VisualStudioVersion = 25.0.1706.1
MinimumVisualStudioVersion = 10.0.40219.1
Project("{FAE04EC0-301F-11D3-BF4B-00C04F79EFBC}") = "TesteUpRailway", "TesteUpRailway.csproj", "{D7202EF0-E1FC-40AA-9099-D765D71D2698}"
EndProject
Global
	GlobalSection(SolutionConfigurationPlatforms) = preSolution
		Debug|Any CPU = Debug|Any CPU
		Release|Any CPU = Release|Any CPU
	EndGlobalSection
	GlobalSection(ProjectConfigurationPlatforms) = postSolution
		{D7202EF0-E1FC-40AA-9099-D765D71D2698}.Debug|Any CPU.ActiveCfg = Debug|Any CPU
		{D7202EF0-E1FC-40AA-9099-D765D71D2698}.Debug|Any CPU.Build.0 = Debug|Any CPU
		{D7202EF0-E1FC-40AA-9099-D765D71D2698}.Release|Any CPU.ActiveCfg = Release|Any CPU
		{D7202EF0-E1FC-40AA-9099-D765D71D2698}.Release|Any CPU.Build.0 = Release|Any CPU
	EndGlobalSection
	GlobalSection(SolutionProperties) = preSolution
		HideSolutionNode = FALSE
	EndGlobalSection
	GlobalSection(ExtensibilityGlobals) = postSolution
		SolutionGuid = {0E705321-9231-4E3E-99F1-41170C8EF9C1}
	EndGlobalSection
EndGlobal
